
Microsoft Visual Studio Solution File, Format Version 12.00
# Visual Studio Version 16
VisualStudioVersion = 16.0.29102.190
MinimumVisualStudioVersion = 10.0.40219.1
Project("{8BC9CEB8-8B4A-11D0-8D11-00A0C91BC942}") = "DisciplesGL", "DisciplesGL\DisciplesGL.vcxproj", "{62A3E190-3331-4F08-9A9F-24315D6A805E}"
EndProject
Project("{2150E333-8FDC-42A3-9474-1A3956D46DE8}") = "Shaders Files", "Shaders Files", "{520D4B5D-885D-43CC-B75C-4F342C729245}"
EndProject
Project("{2150E333-8FDC-42A3-9474-1A3956D46DE8}") = "linear", "linear", "{170CEC3B-59D7-4260-ADA6-14EA0F7ED042}"
	ProjectSection(SolutionItems) = preProject
		glsl\linear\fragment.glsl = glsl\linear\fragment.glsl
		glsl\linear\vertex.glsl = glsl\linear\vertex.glsl
	EndProjectSection
EndProject
Project("{2150E333-8FDC-42A3-9474-1A3956D46DE8}") = "cubic", "cubic", "{E4F599C2-AF64-4BAC-98C8-5B29F95F6B34}"
	ProjectSection(SolutionItems) = preProject
		glsl\cubic\fragment.glsl = glsl\cubic\fragment.glsl
	EndProjectSection
EndProject
Project("{2150E333-8FDC-42A3-9474-1A3956D46DE8}") = "lanczos", "lanczos", "{A7DD06E7-5813-4F39-87B9-F3C2D7AD98BF}"
	ProjectSection(SolutionItems) = preProject
		glsl\lanczos\fragment.glsl = glsl\lanczos\fragment.glsl
	EndProjectSection
EndProject
Project("{2150E333-8FDC-42A3-9474-1A3956D46DE8}") = "Bitmaps", "Bitmaps", "{97633516-F438-4749-8B2A-E86AAADD2E2A}"
	ProjectSection(SolutionItems) = preProject
		bmp\alt.png = bmp\alt.png
		bmp\alt_widest.png = bmp\alt_widest.png
		bmp\back.bmp = bmp\back.bmp
		bmp\border.bmp = bmp\border.bmp
		bmp\border_widest.png = bmp\border_widest.png
	EndProjectSection
EndProject
Project("{2150E333-8FDC-42A3-9474-1A3956D46DE8}") = "hermite", "hermite", "{8C6324D3-BDF6-4CB4-AA40-0115DB11BEE5}"
	ProjectSection(SolutionItems) = preProject
		glsl\hermite\fragment.glsl = glsl\hermite\fragment.glsl
	EndProjectSection
EndProject
Project("{2150E333-8FDC-42A3-9474-1A3956D46DE8}") = "Files", "Files", "{F116CB8C-2F5E-404D-A949-1FCBDD5639CF}"
	ProjectSection(SolutionItems) = preProject
		files\DLG_BATTLE_B.dlg = files\DLG_BATTLE_B.dlg
		files\DLG_EXCEPTIONAL_EDIT.dlg = files\DLG_EXCEPTIONAL_EDIT.dlg
		files\DLG_ISO_EDIT.dlg = files\DLG_ISO_EDIT.dlg
		files\DLG_ISO_NEW.dlg = files\DLG_ISO_NEW.dlg
		files\DLG_ISO_VIEW_NEW.dlg = files\DLG_ISO_VIEW_NEW.dlg
		files\DLG_LANDMARK_EDIT.dlg = files\DLG_LANDMARK_EDIT.dlg
		files\DLG_MAP_EDIT.dlg = files\DLG_MAP_EDIT.dlg
		files\DLG_STRAT_SPELL_NEW.dlg = files\DLG_STRAT_SPELL_NEW.dlg
		files\DLG_STRAT_WAIT_NEW.dlg = files\DLG_STRAT_WAIT_NEW.dlg
		files\DLG_STRATEGIC_NEW.dlg = files\DLG_STRATEGIC_NEW.dlg
		files\DLG_STRATEGIC_OLD.dlg = files\DLG_STRATEGIC_OLD.dlg
	EndProjectSection
EndProject
Project("{2150E333-8FDC-42A3-9474-1A3956D46DE8}") = "Mods", "Mods", "{EA52FCE9-7829-460C-9DFB-5C37E1D22C91}"
EndProject
Project("{8BC9CEB8-8B4A-11D0-8D11-00A0C91BC942}") = "TestMod", "Mods\TestMod\TestMod.vcxproj", "{8010F97A-E1FB-44E7-9FA0-6C9ABA080557}"
EndProject
Project("{8BC9CEB8-8B4A-11D0-8D11-00A0C91BC942}") = "TimerMod", "Mods\TimerMod\TimerMod.vcxproj", "{A296D7D7-587F-4191-8C0E-EB3216F4CC69}"
EndProject
Global
	GlobalSection(SolutionConfigurationPlatforms) = preSolution
		Debug 1|Win32 = Debug 1|Win32
		Debug 1|x64 = Debug 1|x64
		Debug 2|Win32 = Debug 2|Win32
		Debug 2|x64 = Debug 2|x64
		Debug|Win32 = Debug|Win32
		Debug|x64 = Debug|x64
		Release|Win32 = Release|Win32
		Release|x64 = Release|x64
	EndGlobalSection
	GlobalSection(ProjectConfigurationPlatforms) = postSolution
		{62A3E190-3331-4F08-9A9F-24315D6A805E}.Debug 1|Win32.ActiveCfg = Debug 1|Win32
		{62A3E190-3331-4F08-9A9F-24315D6A805E}.Debug 1|Win32.Build.0 = Debug 1|Win32
		{62A3E190-3331-4F08-9A9F-24315D6A805E}.Debug 1|x64.ActiveCfg = Debug 1|Win32
		{62A3E190-3331-4F08-9A9F-24315D6A805E}.Debug 2|Win32.ActiveCfg = Debug 2|Win32
		{62A3E190-3331-4F08-9A9F-24315D6A805E}.Debug 2|Win32.Build.0 = Debug 2|Win32
		{62A3E190-3331-4F08-9A9F-24315D6A805E}.Debug 2|x64.ActiveCfg = Debug 2|Win32
		{62A3E190-3331-4F08-9A9F-24315D6A805E}.Debug|Win32.ActiveCfg = Debug 2|Win32
		{62A3E190-3331-4F08-9A9F-24315D6A805E}.Debug|Win32.Build.0 = Debug 2|Win32
		{62A3E190-3331-4F08-9A9F-24315D6A805E}.Debug|x64.ActiveCfg = Release|Win32
		{62A3E190-3331-4F08-9A9F-24315D6A805E}.Debug|x64.Build.0 = Release|Win32
		{62A3E190-3331-4F08-9A9F-24315D6A805E}.Release|Win32.ActiveCfg = Release|Win32
		{62A3E190-3331-4F08-9A9F-24315D6A805E}.Release|Win32.Build.0 = Release|Win32
		{62A3E190-3331-4F08-9A9F-24315D6A805E}.Release|x64.ActiveCfg = Release|Win32
		{8010F97A-E1FB-44E7-9FA0-6C9ABA080557}.Debug 1|Win32.ActiveCfg = Debug|Win32
		{8010F97A-E1FB-44E7-9FA0-6C9ABA080557}.Debug 1|Win32.Build.0 = Debug|Win32
		{8010F97A-E1FB-44E7-9FA0-6C9ABA080557}.Debug 1|x64.ActiveCfg = Debug|Win32
		{8010F97A-E1FB-44E7-9FA0-6C9ABA080557}.Debug 1|x64.Build.0 = Debug|Win32
		{8010F97A-E1FB-44E7-9FA0-6C9ABA080557}.Debug 2|Win32.ActiveCfg = Debug|Win32
		{8010F97A-E1FB-44E7-9FA0-6C9ABA080557}.Debug 2|Win32.Build.0 = Debug|Win32
		{8010F97A-E1FB-44E7-9FA0-6C9ABA080557}.Debug 2|x64.ActiveCfg = Debug|Win32
		{8010F97A-E1FB-44E7-9FA0-6C9ABA080557}.Debug 2|x64.Build.0 = Debug|Win32
		{8010F97A-E1FB-44E7-9FA0-6C9ABA080557}.Debug|Win32.ActiveCfg = Debug|Win32
		{8010F97A-E1FB-44E7-9FA0-6C9ABA080557}.Debug|Win32.Build.0 = Debug|Win32
		{8010F97A-E1FB-44E7-9FA0-6C9ABA080557}.Debug|x64.ActiveCfg = Debug|Win32
		{8010F97A-E1FB-44E7-9FA0-6C9ABA080557}.Release|Win32.ActiveCfg = Release|Win32
		{8010F97A-E1FB-44E7-9FA0-6C9ABA080557}.Release|x64.ActiveCfg = Release|Win32
		{A296D7D7-587F-4191-8C0E-EB3216F4CC69}.Debug 1|Win32.ActiveCfg = Debug|Win32
		{A296D7D7-587F-4191-8C0E-EB3216F4CC69}.Debug 1|Win32.Build.0 = Debug|Win32
		{A296D7D7-587F-4191-8C0E-EB3216F4CC69}.Debug 1|x64.ActiveCfg = Debug|Win32
		{A296D7D7-587F-4191-8C0E-EB3216F4CC69}.Debug 1|x64.Build.0 = Debug|Win32
		{A296D7D7-587F-4191-8C0E-EB3216F4CC69}.Debug 2|Win32.ActiveCfg = Debug|Win32
		{A296D7D7-587F-4191-8C0E-EB3216F4CC69}.Debug 2|Win32.Build.0 = Debug|Win32
		{A296D7D7-587F-4191-8C0E-EB3216F4CC69}.Debug 2|x64.ActiveCfg = Debug|Win32
		{A296D7D7-587F-4191-8C0E-EB3216F4CC69}.Debug 2|x64.Build.0 = Debug|Win32
		{A296D7D7-587F-4191-8C0E-EB3216F4CC69}.Debug|Win32.ActiveCfg = Debug|Win32
		{A296D7D7-587F-4191-8C0E-EB3216F4CC69}.Debug|Win32.Build.0 = Debug|Win32
		{A296D7D7-587F-4191-8C0E-EB3216F4CC69}.Debug|x64.ActiveCfg = Debug|Win32
		{A296D7D7-587F-4191-8C0E-EB3216F4CC69}.Release|Win32.ActiveCfg = Release|Win32
		{A296D7D7-587F-4191-8C0E-EB3216F4CC69}.Release|x64.ActiveCfg = Release|Win32
	EndGlobalSection
	GlobalSection(SolutionProperties) = preSolution
		HideSolutionNode = FALSE
	EndGlobalSection
	GlobalSection(NestedProjects) = preSolution
		{170CEC3B-59D7-4260-ADA6-14EA0F7ED042} = {520D4B5D-885D-43CC-B75C-4F342C729245}
		{E4F599C2-AF64-4BAC-98C8-5B29F95F6B34} = {520D4B5D-885D-43CC-B75C-4F342C729245}
		{A7DD06E7-5813-4F39-87B9-F3C2D7AD98BF} = {520D4B5D-885D-43CC-B75C-4F342C729245}
		{8C6324D3-BDF6-4CB4-AA40-0115DB11BEE5} = {520D4B5D-885D-43CC-B75C-4F342C729245}
		{8010F97A-E1FB-44E7-9FA0-6C9ABA080557} = {EA52FCE9-7829-460C-9DFB-5C37E1D22C91}
		{A296D7D7-587F-4191-8C0E-EB3216F4CC69} = {EA52FCE9-7829-460C-9DFB-5C37E1D22C91}
	EndGlobalSection
	GlobalSection(ExtensibilityGlobals) = postSolution
		SolutionGuid = {76298140-6EFF-4E41-BE27-FD61CE97B9DE}
	EndGlobalSection
EndGlobal
